
Microsoft Visual Studio Solution File, Format Version 12.00
# Visual Studio Version 17
VisualStudioVersion = 17.8.34330.188
MinimumVisualStudioVersion = 10.0.40219.1
Project("{FAE04EC0-301F-11D3-BF4B-00C04F79EFBC}") = "SmartHome", "SmartHome\SmartHome.csproj", "{D527A653-978F-4F23-8386-9DC4EED17565}"
EndProject
Global
	GlobalSection(SolutionConfigurationPlatforms) = preSolution
		Debug|Any CPU = Debug|Any CPU
		Release|Any CPU = Release|Any CPU
	EndGlobalSection
	GlobalSection(ProjectConfigurationPlatforms) = postSolution
		{D527A653-978F-4F23-8386-9DC4EED17565}.Debug|Any CPU.ActiveCfg = Debug|Any CPU
		{D527A653-978F-4F23-8386-9DC4EED17565}.Debug|Any CPU.Build.0 = Debug|Any CPU
		{D527A653-978F-4F23-8386-9DC4EED17565}.Release|Any CPU.ActiveCfg = Release|Any CPU
		{D527A653-978F-4F23-8386-9DC4EED17565}.Release|Any CPU.Build.0 = Release|Any CPU
	EndGlobalSection
	GlobalSection(SolutionProperties) = preSolution
		HideSolutionNode = FALSE
	EndGlobalSection
	GlobalSection(ExtensibilityGlobals) = postSolution
		SolutionGuid = {BAABC2DE-01D9-4B6D-84B3-79C7B37C4F4B}
	EndGlobalSection
EndGlobal
